// !$*UTF8*$!
{
	archiveVersion = 1;
	classes = {
	};
	objectVersion = 50;
	objects = {

/* Begin PBXBuildFile section */
		8437FD6923608EF9007CCA83 /* AppDelegate.swift in Sources */ = {isa = PBXBuildFile; fileRef = 8437FD6823608EF9007CCA83 /* AppDelegate.swift */; };
		8437FD6B23608EF9007CCA83 /* SceneDelegate.swift in Sources */ = {isa = PBXBuildFile; fileRef = 8437FD6A23608EF9007CCA83 /* SceneDelegate.swift */; };
		8437FD6D23608EF9007CCA83 /* ViewController.swift in Sources */ = {isa = PBXBuildFile; fileRef = 8437FD6C23608EF9007CCA83 /* ViewController.swift */; };
		8437FD7023608EF9007CCA83 /* Main.storyboard in Resources */ = {isa = PBXBuildFile; fileRef = 8437FD6E23608EF9007CCA83 /* Main.storyboard */; };
		8437FD7223608EFC007CCA83 /* Assets.xcassets in Resources */ = {isa = PBXBuildFile; fileRef = 8437FD7123608EFC007CCA83 /* Assets.xcassets */; };
		8437FD7523608EFC007CCA83 /* LaunchScreen.storyboard in Resources */ = {isa = PBXBuildFile; fileRef = 8437FD7323608EFC007CCA83 /* LaunchScreen.storyboard */; };
		8462F15323609942002C5780 /* SwiftAudio.framework in Frameworks */ = {isa = PBXBuildFile; fileRef = 8462F15223609942002C5780 /* SwiftAudio.framework */; };
		8462F15423609942002C5780 /* SwiftAudio.framework in Embed Frameworks */ = {isa = PBXBuildFile; fileRef = 8462F15223609942002C5780 /* SwiftAudio.framework */; settings = {ATTRIBUTES = (CodeSignOnCopy, RemoveHeadersOnCopy, ); }; };
		84F6A5B82361E726002808DE /* MusicPlayer.swift in Sources */ = {isa = PBXBuildFile; fileRef = 84F6A5B72361E726002808DE /* MusicPlayer.swift */; };
/* End PBXBuildFile section */

/* Begin PBXCopyFilesBuildPhase section */
		8462F15523609942002C5780 /* Embed Frameworks */ = {
			isa = PBXCopyFilesBuildPhase;
			buildActionMask = 2147483647;
			dstPath = "";
			dstSubfolderSpec = 10;
			files = (
				8462F15423609942002C5780 /* SwiftAudio.framework in Embed Frameworks */,
			);
			name = "Embed Frameworks";
			runOnlyForDeploymentPostprocessing = 0;
		};
/* End PBXCopyFilesBuildPhase section */

/* Begin PBXFileReference section */
		8437FD6523608EF9007CCA83 /* musicPlayerTestApp.app */ = {isa = PBXFileReference; explicitFileType = wrapper.application; includeInIndex = 0; path = musicPlayerTestApp.app; sourceTree = BUILT_PRODUCTS_DIR; };
		8437FD6823608EF9007CCA83 /* AppDelegate.swift */ = {isa = PBXFileReference; lastKnownFileType = sourcecode.swift; path = AppDelegate.swift; sourceTree = "<group>"; };
		8437FD6A23608EF9007CCA83 /* SceneDelegate.swift */ = {isa = PBXFileReference; lastKnownFileType = sourcecode.swift; path = SceneDelegate.swift; sourceTree = "<group>"; };
		8437FD6C23608EF9007CCA83 /* ViewController.swift */ = {isa = PBXFileReference; lastKnownFileType = sourcecode.swift; path = ViewController.swift; sourceTree = "<group>"; };
		8437FD6F23608EF9007CCA83 /* Base */ = {isa = PBXFileReference; lastKnownFileType = file.storyboard; name = Base; path = Base.lproj/Main.storyboard; sourceTree = "<group>"; };
		8437FD7123608EFC007CCA83 /* Assets.xcassets */ = {isa = PBXFileReference; lastKnownFileType = folder.assetcatalog; path = Assets.xcassets; sourceTree = "<group>"; };
		8437FD7423608EFC007CCA83 /* Base */ = {isa = PBXFileReference; lastKnownFileType = file.storyboard; name = Base; path = Base.lproj/LaunchScreen.storyboard; sourceTree = "<group>"; };
		8437FD7623608EFC007CCA83 /* Info.plist */ = {isa = PBXFileReference; lastKnownFileType = text.plist.xml; path = Info.plist; sourceTree = "<group>"; };
		8462F15223609942002C5780 /* SwiftAudio.framework */ = {isa = PBXFileReference; lastKnownFileType = wrapper.framework; name = SwiftAudio.framework; path = Carthage/Build/iOS/SwiftAudio.framework; sourceTree = "<group>"; };
		84F6A5B72361E726002808DE /* MusicPlayer.swift */ = {isa = PBXFileReference; lastKnownFileType = sourcecode.swift; path = MusicPlayer.swift; sourceTree = "<group>"; };
/* End PBXFileReference section */

/* Begin PBXFrameworksBuildPhase section */
		8437FD6223608EF9007CCA83 /* Frameworks */ = {
			isa = PBXFrameworksBuildPhase;
			buildActionMask = 2147483647;
			files = (
				8462F15323609942002C5780 /* SwiftAudio.framework in Frameworks */,
			);
			runOnlyForDeploymentPostprocessing = 0;
		};
/* End PBXFrameworksBuildPhase section */

/* Begin PBXGroup section */
		8437FD5C23608EF9007CCA83 = {
			isa = PBXGroup;
			children = (
				8437FD6723608EF9007CCA83 /* musicPlayerTestApp */,
				8437FD6623608EF9007CCA83 /* Products */,
				8462F15123609942002C5780 /* Frameworks */,
			);
			sourceTree = "<group>";
		};
		8437FD6623608EF9007CCA83 /* Products */ = {
			isa = PBXGroup;
			children = (
				8437FD6523608EF9007CCA83 /* musicPlayerTestApp.app */,
			);
			name = Products;
			sourceTree = "<group>";
		};
		8437FD6723608EF9007CCA83 /* musicPlayerTestApp */ = {
			isa = PBXGroup;
			children = (
				8437FD6823608EF9007CCA83 /* AppDelegate.swift */,
				8437FD6A23608EF9007CCA83 /* SceneDelegate.swift */,
				8437FD6C23608EF9007CCA83 /* ViewController.swift */,
				84F6A5B72361E726002808DE /* MusicPlayer.swift */,
				8437FD6E23608EF9007CCA83 /* Main.storyboard */,
				8437FD7123608EFC007CCA83 /* Assets.xcassets */,
				8437FD7323608EFC007CCA83 /* LaunchScreen.storyboard */,
				8437FD7623608EFC007CCA83 /* Info.plist */,
			);
			path = musicPlayerTestApp;
			sourceTree = "<group>";
		};
		8462F15123609942002C5780 /* Frameworks */ = {
			isa = PBXGroup;
			children = (
				8462F15223609942002C5780 /* SwiftAudio.framework */,
			);
			name = Frameworks;
			sourceTree = "<group>";
		};
/* End PBXGroup section */

/* Begin PBXNativeTarget section */
		8437FD6423608EF9007CCA83 /* musicPlayerTestApp */ = {
			isa = PBXNativeTarget;
			buildConfigurationList = 8437FD7923608EFC007CCA83 /* Build configuration list for PBXNativeTarget "musicPlayerTestApp" */;
			buildPhases = (
				8437FD6123608EF9007CCA83 /* Sources */,
				8437FD6223608EF9007CCA83 /* Frameworks */,
				8437FD6323608EF9007CCA83 /* Resources */,
				8462F15523609942002C5780 /* Embed Frameworks */,
				8462F15623609A18002C5780 /* ShellScript */,
			);
			buildRules = (
			);
			dependencies = (
			);
			name = musicPlayerTestApp;
			productName = musicPlayerTestApp;
			productReference = 8437FD6523608EF9007CCA83 /* musicPlayerTestApp.app */;
			productType = "com.apple.product-type.application";
		};
/* End PBXNativeTarget section */

/* Begin PBXProject section */
		8437FD5D23608EF9007CCA83 /* Project object */ = {
			isa = PBXProject;
			attributes = {
				LastSwiftUpdateCheck = 1110;
				LastUpgradeCheck = 1110;
				ORGANIZATIONNAME = "Aleksei Kakoulin";
				TargetAttributes = {
					8437FD6423608EF9007CCA83 = {
						CreatedOnToolsVersion = 11.1;
					};
				};
			};
			buildConfigurationList = 8437FD6023608EF9007CCA83 /* Build configuration list for PBXProject "musicPlayerTestApp" */;
			compatibilityVersion = "Xcode 9.3";
			developmentRegion = en;
			hasScannedForEncodings = 0;
			knownRegions = (
				en,
				Base,
			);
			mainGroup = 8437FD5C23608EF9007CCA83;
			productRefGroup = 8437FD6623608EF9007CCA83 /* Products */;
			projectDirPath = "";
			projectRoot = "";
			targets = (
				8437FD6423608EF9007CCA83 /* musicPlayerTestApp */,
			);
		};
/* End PBXProject section */

/* Begin PBXResourcesBuildPhase section */
		8437FD6323608EF9007CCA83 /* Resources */ = {
			isa = PBXResourcesBuildPhase;
			buildActionMask = 2147483647;
			files = (
				8437FD7523608EFC007CCA83 /* LaunchScreen.storyboard in Resources */,
				8437FD7223608EFC007CCA83 /* Assets.xcassets in Resources */,
				8437FD7023608EF9007CCA83 /* Main.storyboard in Resources */,
			);
			runOnlyForDeploymentPostprocessing = 0;
		};
/* End PBXResourcesBuildPhase section */

/* Begin PBXShellScriptBuildPhase section */
		8462F15623609A18002C5780 /* ShellScript */ = {
			isa = PBXShellScriptBuildPhase;
			buildActionMask = 2147483647;
			files = (
			);
			inputFileListPaths = (
			);
			inputPaths = (
				"$(SRCROOT)/Carthage/Build/iOS/SwiftAudio.framework",
			);
			outputFileListPaths = (
			);
			outputPaths = (
			);
			runOnlyForDeploymentPostprocessing = 0;
			shellPath = /bin/sh;
			shellScript = "# Type a script or drag a script file from your workspace to insert its path.\n/usr/local/bin/carthage copy-frameworks\n";
		};
/* End PBXShellScriptBuildPhase section */

/* Begin PBXSourcesBuildPhase section */
		8437FD6123608EF9007CCA83 /* Sources */ = {
			isa = PBXSourcesBuildPhase;
			buildActionMask = 2147483647;
			files = (
				8437FD6D23608EF9007CCA83 /* ViewController.swift in Sources */,
				8437FD6923608EF9007CCA83 /* AppDelegate.swift in Sources */,
				84F6A5B82361E726002808DE /* MusicPlayer.swift in Sources */,
				8437FD6B23608EF9007CCA83 /* SceneDelegate.swift in Sources */,
			);
			runOnlyForDeploymentPostprocessing = 0;
		};
/* End PBXSourcesBuildPhase section */

/* Begin PBXVariantGroup section */
		8437FD6E23608EF9007CCA83 /* Main.storyboard */ = {
			isa = PBXVariantGroup;
			children = (
				8437FD6F23608EF9007CCA83 /* Base */,
			);
			name = Main.storyboard;
			sourceTree = "<group>";
		};
		8437FD7323608EFC007CCA83 /* LaunchScreen.storyboard */ = {
			isa = PBXVariantGroup;
			children = (
				8437FD7423608EFC007CCA83 /* Base */,
			);
			name = LaunchScreen.storyboard;
			sourceTree = "<group>";
		};
/* End PBXVariantGroup section */

/* Begin XCBuildConfiguration section */
		8437FD7723608EFC007CCA83 /* Debug */ = {
			isa = XCBuildConfiguration;
			buildSettings = {
				ALWAYS_SEARCH_USER_PATHS = NO;
				CLANG_ANALYZER_NONNULL = YES;
				CLANG_ANALYZER_NUMBER_OBJECT_CONVERSION = YES_AGGRESSIVE;
				CLANG_CXX_LANGUAGE_STANDARD = "gnu++14";
				CLANG_CXX_LIBRARY = "libc++";
				CLANG_ENABLE_MODULES = YES;
				CLANG_ENABLE_OBJC_ARC = YES;
				CLANG_ENABLE_OBJC_WEAK = YES;
				CLANG_WARN_BLOCK_CAPTURE_AUTORELEASING = YES;
				CLANG_WARN_BOOL_CONVERSION = YES;
				CLANG_WARN_COMMA = YES;
				CLANG_WARN_CONSTANT_CONVERSION = YES;
				CLANG_WARN_DEPRECATED_OBJC_IMPLEMENTATIONS = YES;
				CLANG_WARN_DIRECT_OBJC_ISA_USAGE = YES_ERROR;
				CLANG_WARN_DOCUMENTATION_COMMENTS = YES;
				CLANG_WARN_EMPTY_BODY = YES;
				CLANG_WARN_ENUM_CONVERSION = YES;
				CLANG_WARN_INFINITE_RECURSION = YES;
				CLANG_WARN_INT_CONVERSION = YES;
				CLANG_WARN_NON_LITERAL_NULL_CONVERSION = YES;
				CLANG_WARN_OBJC_IMPLICIT_RETAIN_SELF = YES;
				CLANG_WARN_OBJC_LITERAL_CONVERSION = YES;
				CLANG_WARN_OBJC_ROOT_CLASS = YES_ERROR;
				CLANG_WARN_RANGE_LOOP_ANALYSIS = YES;
				CLANG_WARN_STRICT_PROTOTYPES = YES;
				CLANG_WARN_SUSPICIOUS_MOVE = YES;
				CLANG_WARN_UNGUARDED_AVAILABILITY = YES_AGGRESSIVE;
				CLANG_WARN_UNREACHABLE_CODE = YES;
				CLANG_WARN__DUPLICATE_METHOD_MATCH = YES;
				COPY_PHASE_STRIP = NO;
				DEBUG_INFORMATION_FORMAT = dwarf;
				ENABLE_STRICT_OBJC_MSGSEND = YES;
				ENABLE_TESTABILITY = YES;
				GCC_C_LANGUAGE_STANDARD = gnu11;
				GCC_DYNAMIC_NO_PIC = NO;
				GCC_NO_COMMON_BLOCKS = YES;
				GCC_OPTIMIZATION_LEVEL = 0;
				GCC_PREPROCESSOR_DEFINITIONS = (
					"DEBUG=1",
					"$(inherited)",
				);
				GCC_WARN_64_TO_32_BIT_CONVERSION = YES;
				GCC_WARN_ABOUT_RETURN_TYPE = YES_ERROR;
				GCC_WARN_UNDECLARED_SELECTOR = YES;
				GCC_WARN_UNINITIALIZED_AUTOS = YES_AGGRESSIVE;
				GCC_WARN_UNUSED_FUNCTION = YES;
				GCC_WARN_UNUSED_VARIABLE = YES;
				IPHONEOS_DEPLOYMENT_TARGET = 13.1;
				MTL_ENABLE_DEBUG_INFO = INCLUDE_SOURCE;
				MTL_FAST_MATH = YES;
				ONLY_ACTIVE_ARCH = YES;
				SDKROOT = iphoneos;
				SWIFT_ACTIVE_COMPILATION_CONDITIONS = DEBUG;
				SWIFT_OPTIMIZATION_LEVEL = "-Onone";
			};
			name = Debug;
		};
		8437FD7823608EFC007CCA83 /* Release */ = {
			isa = XCBuildConfiguration;
			buildSettings = {
				ALWAYS_SEARCH_USER_PATHS = NO;
				CLANG_ANALYZER_NONNULL = YES;
				CLANG_ANALYZER_NUMBER_OBJECT_CONVERSION = YES_AGGRESSIVE;
				CLANG_CXX_LANGUAGE_STANDARD = "gnu++14";
				CLANG_CXX_LIBRARY = "libc++";
				CLANG_ENABLE_MODULES = YES;
				CLANG_ENABLE_OBJC_ARC = YES;
				CLANG_ENABLE_OBJC_WEAK = YES;
				CLANG_WARN_BLOCK_CAPTURE_AUTORELEASING = YES;
				CLANG_WARN_BOOL_CONVERSION = YES;
				CLANG_WARN_COMMA = YES;
				CLANG_WARN_CONSTANT_CONVERSION = YES;
				CLANG_WARN_DEPRECATED_OBJC_IMPLEMENTATIONS = YES;
				CLANG_WARN_DIRECT_OBJC_ISA_USAGE = YES_ERROR;
				CLANG_WARN_DOCUMENTATION_COMMENTS = YES;
				CLANG_WARN_EMPTY_BODY = YES;
				CLANG_WARN_ENUM_CONVERSION = YES;
				CLANG_WARN_INFINITE_RECURSION = YES;
				CLANG_WARN_INT_CONVERSION = YES;
				CLANG_WARN_NON_LITERAL_NULL_CONVERSION = YES;
				CLANG_WARN_OBJC_IMPLICIT_RETAIN_SELF = YES;
				CLANG_WARN_OBJC_LITERAL_CONVERSION = YES;
				CLANG_WARN_OBJC_ROOT_CLASS = YES_ERROR;
				CLANG_WARN_RANGE_LOOP_ANALYSIS = YES;
				CLANG_WARN_STRICT_PROTOTYPES = YES;
				CLANG_WARN_SUSPICIOUS_MOVE = YES;
				CLANG_WARN_UNGUARDED_AVAILABILITY = YES_AGGRESSIVE;
				CLANG_WARN_UNREACHABLE_CODE = YES;
				CLANG_WARN__DUPLICATE_METHOD_MATCH = YES;
				COPY_PHASE_STRIP = NO;
				DEBUG_INFORMATION_FORMAT = "dwarf-with-dsym";
				ENABLE_NS_ASSERTIONS = NO;
				ENABLE_STRICT_OBJC_MSGSEND = YES;
				GCC_C_LANGUAGE_STANDARD = gnu11;
				GCC_NO_COMMON_BLOCKS = YES;
				GCC_WARN_64_TO_32_BIT_CONVERSION = YES;
				GCC_WARN_ABOUT_RETURN_TYPE = YES_ERROR;
				GCC_WARN_UNDECLARED_SELECTOR = YES;
				GCC_WARN_UNINITIALIZED_AUTOS = YES_AGGRESSIVE;
				GCC_WARN_UNUSED_FUNCTION = YES;
				GCC_WARN_UNUSED_VARIABLE = YES;
				IPHONEOS_DEPLOYMENT_TARGET = 13.1;
				MTL_ENABLE_DEBUG_INFO = NO;
				MTL_FAST_MATH = YES;
				SDKROOT = iphoneos;
				SWIFT_COMPILATION_MODE = wholemodule;
				SWIFT_OPTIMIZATION_LEVEL = "-O";
				VALIDATE_PRODUCT = YES;
			};
			name = Release;
		};
		8437FD7A23608EFC007CCA83 /* Debug */ = {
			isa = XCBuildConfiguration;
			buildSettings = {
				ASSETCATALOG_COMPILER_APPICON_NAME = AppIcon;
				CODE_SIGN_STYLE = Automatic;
				DEVELOPMENT_TEAM = KBDZ5TL6Y5;
				FRAMEWORK_SEARCH_PATHS = (
					"$(inherited)",
					"$(PROJECT_DIR)/Carthage/Build/iOS",
				);
				INFOPLIST_FILE = musicPlayerTestApp/Info.plist;
				LD_RUNPATH_SEARCH_PATHS = (
					"$(inherited)",
					"@executable_path/Frameworks",
				);
				PRODUCT_BUNDLE_IDENTIFIER = "Aleksei-Kakoulin.musicPlayerTestApp";
				PRODUCT_NAME = "$(TARGET_NAME)";
				SWIFT_VERSION = 5.0;
				TARGETED_DEVICE_FAMILY = 1;
			};
			name = Debug;
		};
		8437FD7B23608EFC007CCA83 /* Release */ = {
			isa = XCBuildConfiguration;
			buildSettings = {
				ASSETCATALOG_COMPILER_APPICON_NAME = AppIcon;
				CODE_SIGN_STYLE = Automatic;
				DEVELOPMENT_TEAM = KBDZ5TL6Y5;
				FRAMEWORK_SEARCH_PATHS = (
					"$(inherited)",
					"$(PROJECT_DIR)/Carthage/Build/iOS",
				);
				INFOPLIST_FILE = musicPlayerTestApp/Info.plist;
				LD_RUNPATH_SEARCH_PATHS = (
					"$(inherited)",
					"@executable_path/Frameworks",
				);
				PRODUCT_BUNDLE_IDENTIFIER = "Aleksei-Kakoulin.musicPlayerTestApp";
				PRODUCT_NAME = "$(TARGET_NAME)";
				SWIFT_VERSION = 5.0;
				TARGETED_DEVICE_FAMILY = 1;
			};
			name = Release;
		};
/* End XCBuildConfiguration section */

/* Begin XCConfigurationList section */
		8437FD6023608EF9007CCA83 /* Build configuration list for PBXProject "musicPlayerTestApp" */ = {
			isa = XCConfigurationList;
			buildConfigurations = (
				8437FD7723608EFC007CCA83 /* Debug */,
				8437FD7823608EFC007CCA83 /* Release */,
			);
			defaultConfigurationIsVisible = 0;
			defaultConfigurationName = Release;
		};
		8437FD7923608EFC007CCA83 /* Build configuration list for PBXNativeTarget "musicPlayerTestApp" */ = {
			isa = XCConfigurationList;
			buildConfigurations = (
				8437FD7A23608EFC007CCA83 /* Debug */,
				8437FD7B23608EFC007CCA83 /* Release */,
			);
			defaultConfigurationIsVisible = 0;
			defaultConfigurationName = Release;
		};
/* End XCConfigurationList section */
	};
	rootObject = 8437FD5D23608EF9007CCA83 /* Project object */;
}
